
Microsoft Visual Studio Solution File, Format Version 12.00
# Visual Studio Version 16
VisualStudioVersion = 16.0.30907.101
MinimumVisualStudioVersion = 10.0.40219.1
Project("{FAE04EC0-301F-11D3-BF4B-00C04F79EFBC}") = "ShopPay", "ShopPay\ShopPay.csproj", "{327D2274-EBE6-40B4-AE1D-E2B9C0A28B1C}"
EndProject
Global
	GlobalSection(SolutionConfigurationPlatforms) = preSolution
		Debug|Any CPU = Debug|Any CPU
		Release|Any CPU = Release|Any CPU
	EndGlobalSection
	GlobalSection(ProjectConfigurationPlatforms) = postSolution
		{327D2274-EBE6-40B4-AE1D-E2B9C0A28B1C}.Debug|Any CPU.ActiveCfg = Debug|Any CPU
		{327D2274-EBE6-40B4-AE1D-E2B9C0A28B1C}.Debug|Any CPU.Build.0 = Debug|Any CPU
		{327D2274-EBE6-40B4-AE1D-E2B9C0A28B1C}.Release|Any CPU.ActiveCfg = Release|Any CPU
		{327D2274-EBE6-40B4-AE1D-E2B9C0A28B1C}.Release|Any CPU.Build.0 = Release|Any CPU
	EndGlobalSection
	GlobalSection(SolutionProperties) = preSolution
		HideSolutionNode = FALSE
	EndGlobalSection
	GlobalSection(ExtensibilityGlobals) = postSolution
		SolutionGuid = {E3427E68-5A9E-4B49-A21A-50CDD45FFBB5}
	EndGlobalSection
EndGlobal
